
Microsoft Visual Studio Solution File, Format Version 12.00
# Visual Studio 15
VisualStudioVersion = 15.0.27130.2036
MinimumVisualStudioVersion = 10.0.40219.1
Project("{FAE04EC0-301F-11D3-BF4B-00C04F79EFBC}") = "ConsoleApp1", "ConsoleApp1\ConsoleApp1.csproj", "{DF8BBD24-43F4-4745-A137-3B6F26B6159A}"
EndProject
Global
	GlobalSection(SolutionConfigurationPlatforms) = preSolution
		Debug|Any CPU = Debug|Any CPU
		Release|Any CPU = Release|Any CPU
	EndGlobalSection
	GlobalSection(ProjectConfigurationPlatforms) = postSolution
		{DF8BBD24-43F4-4745-A137-3B6F26B6159A}.Debug|Any CPU.ActiveCfg = Debug|Any CPU
		{DF8BBD24-43F4-4745-A137-3B6F26B6159A}.Debug|Any CPU.Build.0 = Debug|Any CPU
		{DF8BBD24-43F4-4745-A137-3B6F26B6159A}.Release|Any CPU.ActiveCfg = Release|Any CPU
		{DF8BBD24-43F4-4745-A137-3B6F26B6159A}.Release|Any CPU.Build.0 = Release|Any CPU
	EndGlobalSection
	GlobalSection(SolutionProperties) = preSolution
		HideSolutionNode = FALSE
	EndGlobalSection
	GlobalSection(ExtensibilityGlobals) = postSolution
		SolutionGuid = {7F1D0EA7-0597-4BC2-BE78-6E92FA45F793}
	EndGlobalSection
EndGlobal
